{
  "name": "pageleaf",
  "version": "0.1.1",
  "lockfileVersion": 3,
  "requires": true,
  "packages": {
    "": {
      "name": "pageleaf",
      "version": "0.1.1",
      "license": "MIT",
      "bin": {
        "pageleaf": "bin/pageleaf.js"
      },
      "engines": {
        "node": ">=20"
      }
    }
  }
}
